// !$*UTF8*$!
{
	archiveVersion = 1;
	classes = {
	};
	objectVersion = 56;
	objects = {

/* Begin PBXBuildFile section */
		F362217E29A72F5A004F51A9 /* DetectingSoundView.swift in Sources */ = {isa = PBXBuildFile; fileRef = F362217D29A72F5A004F51A9 /* DetectingSoundView.swift */; };
		F3A530DF29A0AF8C006760D1 /* SystemAudioClassifier.swift in Sources */ = {isa = PBXBuildFile; fileRef = F3A530DE29A0AF8C006760D1 /* SystemAudioClassifier.swift */; };
		F3A530E929A0AF9F006760D1 /* SoundIdentifier.swift in Sources */ = {isa = PBXBuildFile; fileRef = F3A530E329A0AF9F006760D1 /* SoundIdentifier.swift */; };
		F3A530EA29A0AF9F006760D1 /* SetupMonitoredSoundsView.swift in Sources */ = {isa = PBXBuildFile; fileRef = F3A530E429A0AF9F006760D1 /* SetupMonitoredSoundsView.swift */; };
		F3A530EC29A0AF9F006760D1 /* DetectionState.swift in Sources */ = {isa = PBXBuildFile; fileRef = F3A530E629A0AF9F006760D1 /* DetectionState.swift */; };
		F3A530ED29A0AF9F006760D1 /* ClassificationResultsSubject.swift in Sources */ = {isa = PBXBuildFile; fileRef = F3A530E729A0AF9F006760D1 /* ClassificationResultsSubject.swift */; };
		F3B490C429A1853E003D33A0 /* ContentView.swift in Sources */ = {isa = PBXBuildFile; fileRef = F3B490C329A1853E003D33A0 /* ContentView.swift */; };
		F3B490C629A1868E003D33A0 /* ActivityView.swift in Sources */ = {isa = PBXBuildFile; fileRef = F3B490C529A1868E003D33A0 /* ActivityView.swift */; };
		F3B490C829A18E13003D33A0 /* AppConfiguration.swift in Sources */ = {isa = PBXBuildFile; fileRef = F3B490C729A18E13003D33A0 /* AppConfiguration.swift */; };
		F3B490CA29A18F4D003D33A0 /* ActionsView.swift in Sources */ = {isa = PBXBuildFile; fileRef = F3B490C929A18F4D003D33A0 /* ActionsView.swift */; };
		F3B490CC29A19578003D33A0 /* SettingsView.swift in Sources */ = {isa = PBXBuildFile; fileRef = F3B490CB29A19578003D33A0 /* SettingsView.swift */; };
		F3B490CE29A19990003D33A0 /* ClassifierListView.swift in Sources */ = {isa = PBXBuildFile; fileRef = F3B490CD29A19990003D33A0 /* ClassifierListView.swift */; };
		F3F21D90299DE18400EF838A /* safeRide Watch App.app in Embed Watch Content */ = {isa = PBXBuildFile; fileRef = F3F21D8F299DE18400EF838A /* safeRide Watch App.app */; settings = {ATTRIBUTES = (RemoveHeadersOnCopy, ); }; };
		F3F21D95299DE18400EF838A /* SafeRideApp.swift in Sources */ = {isa = PBXBuildFile; fileRef = F3F21D94299DE18400EF838A /* SafeRideApp.swift */; };
		F3F21D99299DE18600EF838A /* Assets.xcassets in Resources */ = {isa = PBXBuildFile; fileRef = F3F21D98299DE18600EF838A /* Assets.xcassets */; };
		F3F21D9C299DE18600EF838A /* Preview Assets.xcassets in Resources */ = {isa = PBXBuildFile; fileRef = F3F21D9B299DE18600EF838A /* Preview Assets.xcassets */; };
/* End PBXBuildFile section */

/* Begin PBXContainerItemProxy section */
		F3F21D91299DE18400EF838A /* PBXContainerItemProxy */ = {
			isa = PBXContainerItemProxy;
			containerPortal = F3F21D83299DE18400EF838A /* Project object */;
			proxyType = 1;
			remoteGlobalIDString = F3F21D8E299DE18400EF838A;
			remoteInfo = "safeRide Watch App";
		};
/* End PBXContainerItemProxy section */

/* Begin PBXCopyFilesBuildPhase section */
		F3F21DA2299DE18600EF838A /* Embed Watch Content */ = {
			isa = PBXCopyFilesBuildPhase;
			buildActionMask = 2147483647;
			dstPath = "$(CONTENTS_FOLDER_PATH)/Watch";
			dstSubfolderSpec = 16;
			files = (
				F3F21D90299DE18400EF838A /* safeRide Watch App.app in Embed Watch Content */,
			);
			name = "Embed Watch Content";
			runOnlyForDeploymentPostprocessing = 0;
		};
/* End PBXCopyFilesBuildPhase section */

/* Begin PBXFileReference section */
		F362217D29A72F5A004F51A9 /* DetectingSoundView.swift */ = {isa = PBXFileReference; lastKnownFileType = sourcecode.swift; path = DetectingSoundView.swift; sourceTree = "<group>"; };
		F3A530DE29A0AF8C006760D1 /* SystemAudioClassifier.swift */ = {isa = PBXFileReference; fileEncoding = 4; lastKnownFileType = sourcecode.swift; path = SystemAudioClassifier.swift; sourceTree = "<group>"; };
		F3A530E329A0AF9F006760D1 /* SoundIdentifier.swift */ = {isa = PBXFileReference; fileEncoding = 4; lastKnownFileType = sourcecode.swift; path = SoundIdentifier.swift; sourceTree = "<group>"; };
		F3A530E429A0AF9F006760D1 /* SetupMonitoredSoundsView.swift */ = {isa = PBXFileReference; fileEncoding = 4; lastKnownFileType = sourcecode.swift; path = SetupMonitoredSoundsView.swift; sourceTree = "<group>"; };
		F3A530E629A0AF9F006760D1 /* DetectionState.swift */ = {isa = PBXFileReference; fileEncoding = 4; lastKnownFileType = sourcecode.swift; path = DetectionState.swift; sourceTree = "<group>"; };
		F3A530E729A0AF9F006760D1 /* ClassificationResultsSubject.swift */ = {isa = PBXFileReference; fileEncoding = 4; lastKnownFileType = sourcecode.swift; path = ClassificationResultsSubject.swift; sourceTree = "<group>"; };
		F3B490C329A1853E003D33A0 /* ContentView.swift */ = {isa = PBXFileReference; lastKnownFileType = sourcecode.swift; path = ContentView.swift; sourceTree = "<group>"; };
		F3B490C529A1868E003D33A0 /* ActivityView.swift */ = {isa = PBXFileReference; lastKnownFileType = sourcecode.swift; path = ActivityView.swift; sourceTree = "<group>"; };
		F3B490C729A18E13003D33A0 /* AppConfiguration.swift */ = {isa = PBXFileReference; lastKnownFileType = sourcecode.swift; path = AppConfiguration.swift; sourceTree = "<group>"; };
		F3B490C929A18F4D003D33A0 /* ActionsView.swift */ = {isa = PBXFileReference; lastKnownFileType = sourcecode.swift; path = ActionsView.swift; sourceTree = "<group>"; };
		F3B490CB29A19578003D33A0 /* SettingsView.swift */ = {isa = PBXFileReference; lastKnownFileType = sourcecode.swift; path = SettingsView.swift; sourceTree = "<group>"; };
		F3B490CD29A19990003D33A0 /* ClassifierListView.swift */ = {isa = PBXFileReference; lastKnownFileType = sourcecode.swift; path = ClassifierListView.swift; sourceTree = "<group>"; };
		F3F21D89299DE18400EF838A /* safeRide.app */ = {isa = PBXFileReference; explicitFileType = wrapper.application; includeInIndex = 0; path = safeRide.app; sourceTree = BUILT_PRODUCTS_DIR; };
		F3F21D8F299DE18400EF838A /* safeRide Watch App.app */ = {isa = PBXFileReference; explicitFileType = wrapper.application; includeInIndex = 0; path = "safeRide Watch App.app"; sourceTree = BUILT_PRODUCTS_DIR; };
		F3F21D94299DE18400EF838A /* SafeRideApp.swift */ = {isa = PBXFileReference; lastKnownFileType = sourcecode.swift; path = SafeRideApp.swift; sourceTree = "<group>"; };
		F3F21D98299DE18600EF838A /* Assets.xcassets */ = {isa = PBXFileReference; lastKnownFileType = folder.assetcatalog; path = Assets.xcassets; sourceTree = "<group>"; };
		F3F21D9B299DE18600EF838A /* Preview Assets.xcassets */ = {isa = PBXFileReference; lastKnownFileType = folder.assetcatalog; path = "Preview Assets.xcassets"; sourceTree = "<group>"; };
/* End PBXFileReference section */

/* Begin PBXFrameworksBuildPhase section */
		F3F21D8C299DE18400EF838A /* Frameworks */ = {
			isa = PBXFrameworksBuildPhase;
			buildActionMask = 2147483647;
			files = (
			);
			runOnlyForDeploymentPostprocessing = 0;
		};
/* End PBXFrameworksBuildPhase section */

/* Begin PBXGroup section */
		F3A530E229A0AF9F006760D1 /* Support */ = {
			isa = PBXGroup;
			children = (
				F3A530DE29A0AF8C006760D1 /* SystemAudioClassifier.swift */,
				F3A530E329A0AF9F006760D1 /* SoundIdentifier.swift */,
				F3A530E429A0AF9F006760D1 /* SetupMonitoredSoundsView.swift */,
				F3A530E629A0AF9F006760D1 /* DetectionState.swift */,
				F3A530E729A0AF9F006760D1 /* ClassificationResultsSubject.swift */,
				F3B490C729A18E13003D33A0 /* AppConfiguration.swift */,
			);
			path = Support;
			sourceTree = "<group>";
		};
		F3B490C229A184FB003D33A0 /* Views */ = {
			isa = PBXGroup;
			children = (
				F3B490C329A1853E003D33A0 /* ContentView.swift */,
				F3B490C529A1868E003D33A0 /* ActivityView.swift */,
				F3B490C929A18F4D003D33A0 /* ActionsView.swift */,
				F3B490CB29A19578003D33A0 /* SettingsView.swift */,
				F3B490CD29A19990003D33A0 /* ClassifierListView.swift */,
				F362217D29A72F5A004F51A9 /* DetectingSoundView.swift */,
			);
			path = Views;
			sourceTree = "<group>";
		};
		F3F21D82299DE18400EF838A = {
			isa = PBXGroup;
			children = (
				F3F21D93299DE18400EF838A /* safeRide Watch App */,
				F3F21D8A299DE18400EF838A /* Products */,
			);
			sourceTree = "<group>";
		};
		F3F21D8A299DE18400EF838A /* Products */ = {
			isa = PBXGroup;
			children = (
				F3F21D89299DE18400EF838A /* safeRide.app */,
				F3F21D8F299DE18400EF838A /* safeRide Watch App.app */,
			);
			name = Products;
			sourceTree = "<group>";
		};
		F3F21D93299DE18400EF838A /* safeRide Watch App */ = {
			isa = PBXGroup;
			children = (
				F3B490C229A184FB003D33A0 /* Views */,
				F3F21D94299DE18400EF838A /* SafeRideApp.swift */,
				F3A530E229A0AF9F006760D1 /* Support */,
				F3F21D98299DE18600EF838A /* Assets.xcassets */,
				F3F21D9A299DE18600EF838A /* Preview Content */,
			);
			path = "safeRide Watch App";
			sourceTree = "<group>";
		};
		F3F21D9A299DE18600EF838A /* Preview Content */ = {
			isa = PBXGroup;
			children = (
				F3F21D9B299DE18600EF838A /* Preview Assets.xcassets */,
			);
			path = "Preview Content";
			sourceTree = "<group>";
		};
/* End PBXGroup section */

/* Begin PBXNativeTarget section */
		F3F21D88299DE18400EF838A /* safeRide */ = {
			isa = PBXNativeTarget;
			buildConfigurationList = F3F21DA3299DE18600EF838A /* Build configuration list for PBXNativeTarget "safeRide" */;
			buildPhases = (
				F3F21D87299DE18400EF838A /* Resources */,
				F3F21DA2299DE18600EF838A /* Embed Watch Content */,
			);
			buildRules = (
			);
			dependencies = (
				F3F21D92299DE18400EF838A /* PBXTargetDependency */,
			);
			name = safeRide;
			productName = safeRide;
			productReference = F3F21D89299DE18400EF838A /* safeRide.app */;
			productType = "com.apple.product-type.application.watchapp2-container";
		};
		F3F21D8E299DE18400EF838A /* safeRide Watch App */ = {
			isa = PBXNativeTarget;
			buildConfigurationList = F3F21D9F299DE18600EF838A /* Build configuration list for PBXNativeTarget "safeRide Watch App" */;
			buildPhases = (
				F3F21D8B299DE18400EF838A /* Sources */,
				F3F21D8C299DE18400EF838A /* Frameworks */,
				F3F21D8D299DE18400EF838A /* Resources */,
			);
			buildRules = (
			);
			dependencies = (
			);
			name = "safeRide Watch App";
			productName = "safeRide Watch App";
			productReference = F3F21D8F299DE18400EF838A /* safeRide Watch App.app */;
			productType = "com.apple.product-type.application";
		};
/* End PBXNativeTarget section */

/* Begin PBXProject section */
		F3F21D83299DE18400EF838A /* Project object */ = {
			isa = PBXProject;
			attributes = {
				BuildIndependentTargetsInParallel = 1;
				LastSwiftUpdateCheck = 1410;
				LastUpgradeCheck = 1410;
				TargetAttributes = {
					F3F21D88299DE18400EF838A = {
						CreatedOnToolsVersion = 14.1;
					};
					F3F21D8E299DE18400EF838A = {
						CreatedOnToolsVersion = 14.1;
					};
				};
			};
			buildConfigurationList = F3F21D86299DE18400EF838A /* Build configuration list for PBXProject "safeRide" */;
			compatibilityVersion = "Xcode 14.0";
			developmentRegion = en;
			hasScannedForEncodings = 0;
			knownRegions = (
				en,
				Base,
			);
			mainGroup = F3F21D82299DE18400EF838A;
			productRefGroup = F3F21D8A299DE18400EF838A /* Products */;
			projectDirPath = "";
			projectRoot = "";
			targets = (
				F3F21D88299DE18400EF838A /* safeRide */,
				F3F21D8E299DE18400EF838A /* safeRide Watch App */,
			);
		};
/* End PBXProject section */

/* Begin PBXResourcesBuildPhase section */
		F3F21D87299DE18400EF838A /* Resources */ = {
			isa = PBXResourcesBuildPhase;
			buildActionMask = 2147483647;
			files = (
			);
			runOnlyForDeploymentPostprocessing = 0;
		};
		F3F21D8D299DE18400EF838A /* Resources */ = {
			isa = PBXResourcesBuildPhase;
			buildActionMask = 2147483647;
			files = (
				F3F21D9C299DE18600EF838A /* Preview Assets.xcassets in Resources */,
				F3F21D99299DE18600EF838A /* Assets.xcassets in Resources */,
			);
			runOnlyForDeploymentPostprocessing = 0;
		};
/* End PBXResourcesBuildPhase section */

/* Begin PBXSourcesBuildPhase section */
		F3F21D8B299DE18400EF838A /* Sources */ = {
			isa = PBXSourcesBuildPhase;
			buildActionMask = 2147483647;
			files = (
				F3B490C629A1868E003D33A0 /* ActivityView.swift in Sources */,
				F3B490CE29A19990003D33A0 /* ClassifierListView.swift in Sources */,
				F3A530ED29A0AF9F006760D1 /* ClassificationResultsSubject.swift in Sources */,
				F3A530EA29A0AF9F006760D1 /* SetupMonitoredSoundsView.swift in Sources */,
				F3A530E929A0AF9F006760D1 /* SoundIdentifier.swift in Sources */,
				F3B490C829A18E13003D33A0 /* AppConfiguration.swift in Sources */,
				F362217E29A72F5A004F51A9 /* DetectingSoundView.swift in Sources */,
				F3B490CC29A19578003D33A0 /* SettingsView.swift in Sources */,
				F3B490C429A1853E003D33A0 /* ContentView.swift in Sources */,
				F3F21D95299DE18400EF838A /* SafeRideApp.swift in Sources */,
				F3A530DF29A0AF8C006760D1 /* SystemAudioClassifier.swift in Sources */,
				F3A530EC29A0AF9F006760D1 /* DetectionState.swift in Sources */,
				F3B490CA29A18F4D003D33A0 /* ActionsView.swift in Sources */,
			);
			runOnlyForDeploymentPostprocessing = 0;
		};
/* End PBXSourcesBuildPhase section */

/* Begin PBXTargetDependency section */
		F3F21D92299DE18400EF838A /* PBXTargetDependency */ = {
			isa = PBXTargetDependency;
			target = F3F21D8E299DE18400EF838A /* safeRide Watch App */;
			targetProxy = F3F21D91299DE18400EF838A /* PBXContainerItemProxy */;
		};
/* End PBXTargetDependency section */

/* Begin XCBuildConfiguration section */
		F3F21D9D299DE18600EF838A /* Debug */ = {
			isa = XCBuildConfiguration;
			buildSettings = {
				ALWAYS_SEARCH_USER_PATHS = NO;
				CLANG_ANALYZER_NONNULL = YES;
				CLANG_ANALYZER_NUMBER_OBJECT_CONVERSION = YES_AGGRESSIVE;
				CLANG_CXX_LANGUAGE_STANDARD = "gnu++20";
				CLANG_ENABLE_MODULES = YES;
				CLANG_ENABLE_OBJC_ARC = YES;
				CLANG_ENABLE_OBJC_WEAK = YES;
				CLANG_WARN_BLOCK_CAPTURE_AUTORELEASING = YES;
				CLANG_WARN_BOOL_CONVERSION = YES;
				CLANG_WARN_COMMA = YES;
				CLANG_WARN_CONSTANT_CONVERSION = YES;
				CLANG_WARN_DEPRECATED_OBJC_IMPLEMENTATIONS = YES;
				CLANG_WARN_DIRECT_OBJC_ISA_USAGE = YES_ERROR;
				CLANG_WARN_DOCUMENTATION_COMMENTS = YES;
				CLANG_WARN_EMPTY_BODY = YES;
				CLANG_WARN_ENUM_CONVERSION = YES;
				CLANG_WARN_INFINITE_RECURSION = YES;
				CLANG_WARN_INT_CONVERSION = YES;
				CLANG_WARN_NON_LITERAL_NULL_CONVERSION = YES;
				CLANG_WARN_OBJC_IMPLICIT_RETAIN_SELF = YES;
				CLANG_WARN_OBJC_LITERAL_CONVERSION = YES;
				CLANG_WARN_OBJC_ROOT_CLASS = YES_ERROR;
				CLANG_WARN_QUOTED_INCLUDE_IN_FRAMEWORK_HEADER = YES;
				CLANG_WARN_RANGE_LOOP_ANALYSIS = YES;
				CLANG_WARN_STRICT_PROTOTYPES = YES;
				CLANG_WARN_SUSPICIOUS_MOVE = YES;
				CLANG_WARN_UNGUARDED_AVAILABILITY = YES_AGGRESSIVE;
				CLANG_WARN_UNREACHABLE_CODE = YES;
				CLANG_WARN__DUPLICATE_METHOD_MATCH = YES;
				COPY_PHASE_STRIP = NO;
				DEBUG_INFORMATION_FORMAT = dwarf;
				ENABLE_STRICT_OBJC_MSGSEND = YES;
				ENABLE_TESTABILITY = YES;
				GCC_C_LANGUAGE_STANDARD = gnu11;
				GCC_DYNAMIC_NO_PIC = NO;
				GCC_NO_COMMON_BLOCKS = YES;
				GCC_OPTIMIZATION_LEVEL = 0;
				GCC_PREPROCESSOR_DEFINITIONS = (
					"DEBUG=1",
					"$(inherited)",
				);
				GCC_WARN_64_TO_32_BIT_CONVERSION = YES;
				GCC_WARN_ABOUT_RETURN_TYPE = YES_ERROR;
				GCC_WARN_UNDECLARED_SELECTOR = YES;
				GCC_WARN_UNINITIALIZED_AUTOS = YES_AGGRESSIVE;
				GCC_WARN_UNUSED_FUNCTION = YES;
				GCC_WARN_UNUSED_VARIABLE = YES;
				MTL_ENABLE_DEBUG_INFO = INCLUDE_SOURCE;
				MTL_FAST_MATH = YES;
				ONLY_ACTIVE_ARCH = YES;
				SWIFT_ACTIVE_COMPILATION_CONDITIONS = DEBUG;
				SWIFT_OPTIMIZATION_LEVEL = "-Onone";
			};
			name = Debug;
		};
		F3F21D9E299DE18600EF838A /* Release */ = {
			isa = XCBuildConfiguration;
			buildSettings = {
				ALWAYS_SEARCH_USER_PATHS = NO;
				CLANG_ANALYZER_NONNULL = YES;
				CLANG_ANALYZER_NUMBER_OBJECT_CONVERSION = YES_AGGRESSIVE;
				CLANG_CXX_LANGUAGE_STANDARD = "gnu++20";
				CLANG_ENABLE_MODULES = YES;
				CLANG_ENABLE_OBJC_ARC = YES;
				CLANG_ENABLE_OBJC_WEAK = YES;
				CLANG_WARN_BLOCK_CAPTURE_AUTORELEASING = YES;
				CLANG_WARN_BOOL_CONVERSION = YES;
				CLANG_WARN_COMMA = YES;
				CLANG_WARN_CONSTANT_CONVERSION = YES;
				CLANG_WARN_DEPRECATED_OBJC_IMPLEMENTATIONS = YES;
				CLANG_WARN_DIRECT_OBJC_ISA_USAGE = YES_ERROR;
				CLANG_WARN_DOCUMENTATION_COMMENTS = YES;
				CLANG_WARN_EMPTY_BODY = YES;
				CLANG_WARN_ENUM_CONVERSION = YES;
				CLANG_WARN_INFINITE_RECURSION = YES;
				CLANG_WARN_INT_CONVERSION = YES;
				CLANG_WARN_NON_LITERAL_NULL_CONVERSION = YES;
				CLANG_WARN_OBJC_IMPLICIT_RETAIN_SELF = YES;
				CLANG_WARN_OBJC_LITERAL_CONVERSION = YES;
				CLANG_WARN_OBJC_ROOT_CLASS = YES_ERROR;
				CLANG_WARN_QUOTED_INCLUDE_IN_FRAMEWORK_HEADER = YES;
				CLANG_WARN_RANGE_LOOP_ANALYSIS = YES;
				CLANG_WARN_STRICT_PROTOTYPES = YES;
				CLANG_WARN_SUSPICIOUS_MOVE = YES;
				CLANG_WARN_UNGUARDED_AVAILABILITY = YES_AGGRESSIVE;
				CLANG_WARN_UNREACHABLE_CODE = YES;
				CLANG_WARN__DUPLICATE_METHOD_MATCH = YES;
				COPY_PHASE_STRIP = NO;
				DEBUG_INFORMATION_FORMAT = "dwarf-with-dsym";
				ENABLE_NS_ASSERTIONS = NO;
				ENABLE_STRICT_OBJC_MSGSEND = YES;
				GCC_C_LANGUAGE_STANDARD = gnu11;
				GCC_NO_COMMON_BLOCKS = YES;
				GCC_WARN_64_TO_32_BIT_CONVERSION = YES;
				GCC_WARN_ABOUT_RETURN_TYPE = YES_ERROR;
				GCC_WARN_UNDECLARED_SELECTOR = YES;
				GCC_WARN_UNINITIALIZED_AUTOS = YES_AGGRESSIVE;
				GCC_WARN_UNUSED_FUNCTION = YES;
				GCC_WARN_UNUSED_VARIABLE = YES;
				MTL_ENABLE_DEBUG_INFO = NO;
				MTL_FAST_MATH = YES;
				SWIFT_COMPILATION_MODE = wholemodule;
				SWIFT_OPTIMIZATION_LEVEL = "-O";
			};
			name = Release;
		};
		F3F21DA0299DE18600EF838A /* Debug */ = {
			isa = XCBuildConfiguration;
			buildSettings = {
				ASSETCATALOG_COMPILER_APPICON_NAME = AppIcon;
				ASSETCATALOG_COMPILER_GLOBAL_ACCENT_COLOR_NAME = AccentColor;
				CODE_SIGN_STYLE = Automatic;
				CURRENT_PROJECT_VERSION = 1;
				DEVELOPMENT_ASSET_PATHS = "\"safeRide Watch App/Preview Content\"";
				DEVELOPMENT_TEAM = 7592C9QMAG;
				ENABLE_PREVIEWS = YES;
				GENERATE_INFOPLIST_FILE = YES;
				INFOPLIST_KEY_CFBundleDisplayName = safeRide;
				INFOPLIST_KEY_NSMicrophoneUsageDescription = "This application would like access to the microphone to detect and display sounds occurring in the environment.";
				INFOPLIST_KEY_UISupportedInterfaceOrientations = "UIInterfaceOrientationPortrait UIInterfaceOrientationPortraitUpsideDown";
				INFOPLIST_KEY_WKWatchOnly = YES;
				LD_RUNPATH_SEARCH_PATHS = (
					"$(inherited)",
					"@executable_path/Frameworks",
				);
				MARKETING_VERSION = 1.0;
				PRODUCT_BUNDLE_IDENTIFIER = com.boswell.safeRide.watchkitapp;
				PRODUCT_NAME = "$(TARGET_NAME)";
				SDKROOT = watchos;
				SKIP_INSTALL = YES;
				SWIFT_EMIT_LOC_STRINGS = YES;
				SWIFT_VERSION = 5.0;
				TARGETED_DEVICE_FAMILY = 4;
				WATCHOS_DEPLOYMENT_TARGET = 9.1;
			};
			name = Debug;
		};
		F3F21DA1299DE18600EF838A /* Release */ = {
			isa = XCBuildConfiguration;
			buildSettings = {
				ASSETCATALOG_COMPILER_APPICON_NAME = AppIcon;
				ASSETCATALOG_COMPILER_GLOBAL_ACCENT_COLOR_NAME = AccentColor;
				CODE_SIGN_STYLE = Automatic;
				CURRENT_PROJECT_VERSION = 1;
				DEVELOPMENT_ASSET_PATHS = "\"safeRide Watch App/Preview Content\"";
				DEVELOPMENT_TEAM = 7592C9QMAG;
				ENABLE_PREVIEWS = YES;
				GENERATE_INFOPLIST_FILE = YES;
				INFOPLIST_KEY_CFBundleDisplayName = safeRide;
				INFOPLIST_KEY_NSMicrophoneUsageDescription = "This application would like access to the microphone to detect and display sounds occurring in the environment.";
				INFOPLIST_KEY_UISupportedInterfaceOrientations = "UIInterfaceOrientationPortrait UIInterfaceOrientationPortraitUpsideDown";
				INFOPLIST_KEY_WKWatchOnly = YES;
				LD_RUNPATH_SEARCH_PATHS = (
					"$(inherited)",
					"@executable_path/Frameworks",
				);
				MARKETING_VERSION = 1.0;
				PRODUCT_BUNDLE_IDENTIFIER = com.boswell.safeRide.watchkitapp;
				PRODUCT_NAME = "$(TARGET_NAME)";
				SDKROOT = watchos;
				SKIP_INSTALL = YES;
				SWIFT_EMIT_LOC_STRINGS = YES;
				SWIFT_VERSION = 5.0;
				TARGETED_DEVICE_FAMILY = 4;
				VALIDATE_PRODUCT = YES;
				WATCHOS_DEPLOYMENT_TARGET = 9.1;
			};
			name = Release;
		};
		F3F21DA4299DE18600EF838A /* Debug */ = {
			isa = XCBuildConfiguration;
			buildSettings = {
				ALWAYS_EMBED_SWIFT_STANDARD_LIBRARIES = YES;
				CODE_SIGN_STYLE = Automatic;
				CURRENT_PROJECT_VERSION = 1;
				DEVELOPMENT_TEAM = 7592C9QMAG;
				INFOPLIST_KEY_CFBundleDisplayName = safeRide;
				MARKETING_VERSION = 1.0;
				PRODUCT_BUNDLE_IDENTIFIER = com.boswell.safeRide;
				PRODUCT_NAME = "$(TARGET_NAME)";
				SDKROOT = iphoneos;
				SWIFT_VERSION = 5.0;
			};
			name = Debug;
		};
		F3F21DA5299DE18600EF838A /* Release */ = {
			isa = XCBuildConfiguration;
			buildSettings = {
				ALWAYS_EMBED_SWIFT_STANDARD_LIBRARIES = YES;
				CODE_SIGN_STYLE = Automatic;
				CURRENT_PROJECT_VERSION = 1;
				DEVELOPMENT_TEAM = 7592C9QMAG;
				INFOPLIST_KEY_CFBundleDisplayName = safeRide;
				MARKETING_VERSION = 1.0;
				PRODUCT_BUNDLE_IDENTIFIER = com.boswell.safeRide;
				PRODUCT_NAME = "$(TARGET_NAME)";
				SDKROOT = iphoneos;
				SWIFT_VERSION = 5.0;
				VALIDATE_PRODUCT = YES;
			};
			name = Release;
		};
/* End XCBuildConfiguration section */

/* Begin XCConfigurationList section */
		F3F21D86299DE18400EF838A /* Build configuration list for PBXProject "safeRide" */ = {
			isa = XCConfigurationList;
			buildConfigurations = (
				F3F21D9D299DE18600EF838A /* Debug */,
				F3F21D9E299DE18600EF838A /* Release */,
			);
			defaultConfigurationIsVisible = 0;
			defaultConfigurationName = Release;
		};
		F3F21D9F299DE18600EF838A /* Build configuration list for PBXNativeTarget "safeRide Watch App" */ = {
			isa = XCConfigurationList;
			buildConfigurations = (
				F3F21DA0299DE18600EF838A /* Debug */,
				F3F21DA1299DE18600EF838A /* Release */,
			);
			defaultConfigurationIsVisible = 0;
			defaultConfigurationName = Release;
		};
		F3F21DA3299DE18600EF838A /* Build configuration list for PBXNativeTarget "safeRide" */ = {
			isa = XCConfigurationList;
			buildConfigurations = (
				F3F21DA4299DE18600EF838A /* Debug */,
				F3F21DA5299DE18600EF838A /* Release */,
			);
			defaultConfigurationIsVisible = 0;
			defaultConfigurationName = Release;
		};
/* End XCConfigurationList section */
	};
	rootObject = F3F21D83299DE18400EF838A /* Project object */;
}
